PODS:
  - Flutter (1.0.0)
  - store_critical_data (0.0.1):
    - Flutter

DEPENDENCIES:
  - Flutter (from `Flutter`)
  - store_critical_data (from `.symlinks/plugins/store_critical_data/ios`)

EXTERNAL SOURCES:
  Flutter:
    :path: Flutter
  store_critical_data:
    :path: ".symlinks/plugins/store_critical_data/ios"

SPEC CHECKSUMS:
  Flutter: 0e3d915762c693b495b44d77113d4970485de6ec
  store_critical_data: 1f78f78d67a069f02c1b05a362a50c1ae58566f9

PODFILE CHECKSUM: 1b66dae606f75376c5f2135a8290850eeb09ae83

COCOAPODS: 1.8.4
